
Microsoft Visual Studio Solution File, Format Version 12.00
# Visual Studio Version 16
VisualStudioVersion = 16.0.29911.84
MinimumVisualStudioVersion = 10.0.40219.1
Project("{FAE04EC0-301F-11D3-BF4B-00C04F79EFBC}") = "GamesProcess", "GamesProcess\GamesProcess.csproj", "{C6731196-3C4E-4CEF-940A-B66919AAA16A}"
EndProject
Project("{FAE04EC0-301F-11D3-BF4B-00C04F79EFBC}") = "GamesProcess2.0", "GamesProcess2.0\GamesProcess2.0.csproj", "{A7B9263E-21FB-4592-A1C5-FA5FD8C98F3B}"
EndProject
Global
	GlobalSection(SolutionConfigurationPlatforms) = preSolution
		Debug|Any CPU = Debug|Any CPU
		Release|Any CPU = Release|Any CPU
	EndGlobalSection
	GlobalSection(ProjectConfigurationPlatforms) = postSolution
		{C6731196-3C4E-4CEF-940A-B66919AAA16A}.Debug|Any CPU.ActiveCfg = Debug|Any CPU
		{C6731196-3C4E-4CEF-940A-B66919AAA16A}.Debug|Any CPU.Build.0 = Debug|Any CPU
		{C6731196-3C4E-4CEF-940A-B66919AAA16A}.Release|Any CPU.ActiveCfg = Release|Any CPU
		{C6731196-3C4E-4CEF-940A-B66919AAA16A}.Release|Any CPU.Build.0 = Release|Any CPU
		{A7B9263E-21FB-4592-A1C5-FA5FD8C98F3B}.Debug|Any CPU.ActiveCfg = Debug|Any CPU
		{A7B9263E-21FB-4592-A1C5-FA5FD8C98F3B}.Debug|Any CPU.Build.0 = Debug|Any CPU
		{A7B9263E-21FB-4592-A1C5-FA5FD8C98F3B}.Release|Any CPU.ActiveCfg = Release|Any CPU
		{A7B9263E-21FB-4592-A1C5-FA5FD8C98F3B}.Release|Any CPU.Build.0 = Release|Any CPU
	EndGlobalSection
	GlobalSection(SolutionProperties) = preSolution
		HideSolutionNode = FALSE
	EndGlobalSection
	GlobalSection(ExtensibilityGlobals) = postSolution
		SolutionGuid = {6A013240-9580-4D5C-86ED-67F323FF7AD7}
	EndGlobalSection
EndGlobal
